// !$*UTF8*$!
{
	archiveVersion = 1;
	classes = {
	};
	objectVersion = 46;
	objects = {

/* Begin PBXBuildFile section */
		040F98121E028CD100839C40 /* AppDelegate.swift in Sources */ = {isa = PBXBuildFile; fileRef = 040F98111E028CD100839C40 /* AppDelegate.swift */; };
		040F98141E028CD100839C40 /* ViewController.swift in Sources */ = {isa = PBXBuildFile; fileRef = 040F98131E028CD100839C40 /* ViewController.swift */; };
		040F98171E028CD100839C40 /* Main.storyboard in Resources */ = {isa = PBXBuildFile; fileRef = 040F98151E028CD100839C40 /* Main.storyboard */; };
		040F98191E028CD100839C40 /* Assets.xcassets in Resources */ = {isa = PBXBuildFile; fileRef = 040F98181E028CD100839C40 /* Assets.xcassets */; };
		040F981C1E028CD100839C40 /* LaunchScreen.storyboard in Resources */ = {isa = PBXBuildFile; fileRef = 040F981A1E028CD100839C40 /* LaunchScreen.storyboard */; };
/* End PBXBuildFile section */

/* Begin PBXFileReference section */
		040F980E1E028CD100839C40 /* LiveNews.app */ = {isa = PBXFileReference; explicitFileType = wrapper.application; includeInIndex = 0; path = LiveNews.app; sourceTree = BUILT_PRODUCTS_DIR; };
		040F98111E028CD100839C40 /* AppDelegate.swift */ = {isa = PBXFileReference; lastKnownFileType = sourcecode.swift; path = AppDelegate.swift; sourceTree = "<group>"; };
		040F98131E028CD100839C40 /* ViewController.swift */ = {isa = PBXFileReference; lastKnownFileType = sourcecode.swift; path = ViewController.swift; sourceTree = "<group>"; };
		040F98161E028CD100839C40 /* Base */ = {isa = PBXFileReference; lastKnownFileType = file.storyboard; name = Base; path = Base.lproj/Main.storyboard; sourceTree = "<group>"; };
		040F98181E028CD100839C40 /* Assets.xcassets */ = {isa = PBXFileReference; lastKnownFileType = folder.assetcatalog; path = Assets.xcassets; sourceTree = "<group>"; };
		040F981B1E028CD100839C40 /* Base */ = {isa = PBXFileReference; lastKnownFileType = file.storyboard; name = Base; path = Base.lproj/LaunchScreen.storyboard; sourceTree = "<group>"; };
		040F981D1E028CD100839C40 /* Info.plist */ = {isa = PBXFileReference; lastKnownFileType = text.plist.xml; path = Info.plist; sourceTree = "<group>"; };
/* End PBXFileReference section */

/* Begin PBXFrameworksBuildPhase section */
		040F980B1E028CD100839C40 /* Frameworks */ = {
			isa = PBXFrameworksBuildPhase;
			buildActionMask = 2147483647;
			files = (
			);
			runOnlyForDeploymentPostprocessing = 0;
		};
/* End PBXFrameworksBuildPhase section */

/* Begin PBXGroup section */
		040F98051E028CD100839C40 = {
			isa = PBXGroup;
			children = (
				040F98101E028CD100839C40 /* LiveNews */,
				040F980F1E028CD100839C40 /* Products */,
			);
			sourceTree = "<group>";
		};
		040F980F1E028CD100839C40 /* Products */ = {
			isa = PBXGroup;
			children = (
				040F980E1E028CD100839C40 /* LiveNews.app */,
			);
			name = Products;
			sourceTree = "<group>";
		};
		040F98101E028CD100839C40 /* LiveNews */ = {
			isa = PBXGroup;
			children = (
				040F98111E028CD100839C40 /* AppDelegate.swift */,
				040F98131E028CD100839C40 /* ViewController.swift */,
				040F98151E028CD100839C40 /* Main.storyboard */,
				040F98181E028CD100839C40 /* Assets.xcassets */,
				040F981A1E028CD100839C40 /* LaunchScreen.storyboard */,
				040F981D1E028CD100839C40 /* Info.plist */,
			);
			path = LiveNews;
			sourceTree = "<group>";
		};
/* End PBXGroup section */

/* Begin PBXNativeTarget section */
		040F980D1E028CD100839C40 /* LiveNews */ = {
			isa = PBXNativeTarget;
			buildConfigurationList = 040F98201E028CD100839C40 /* Build configuration list for PBXNativeTarget "LiveNews" */;
			buildPhases = (
				040F980A1E028CD100839C40 /* Sources */,
				040F980B1E028CD100839C40 /* Frameworks */,
				040F980C1E028CD100839C40 /* Resources */,
			);
			buildRules = (
			);
			dependencies = (
			);
			name = LiveNews;
			productName = LiveNews;
			productReference = 040F980E1E028CD100839C40 /* LiveNews.app */;
			productType = "com.apple.product-type.application";
		};
/* End PBXNativeTarget section */

/* Begin PBXProject section */
		040F98061E028CD100839C40 /* Project object */ = {
			isa = PBXProject;
			attributes = {
				LastSwiftUpdateCheck = 0730;
				LastUpgradeCheck = 0730;
				ORGANIZATIONNAME = "Benjamin Halilovic";
				TargetAttributes = {
					040F980D1E028CD100839C40 = {
						CreatedOnToolsVersion = 7.3.1;
						DevelopmentTeam = 3Q9N6D9T5E;
					};
				};
			};
			buildConfigurationList = 040F98091E028CD100839C40 /* Build configuration list for PBXProject "LiveNews" */;
			compatibilityVersion = "Xcode 3.2";
			developmentRegion = English;
			hasScannedForEncodings = 0;
			knownRegions = (
				en,
				Base,
			);
			mainGroup = 040F98051E028CD100839C40;
			productRefGroup = 040F980F1E028CD100839C40 /* Products */;
			projectDirPath = "";
			projectRoot = "";
			targets = (
				040F980D1E028CD100839C40 /* LiveNews */,
			);
		};
/* End PBXProject section */

/* Begin PBXResourcesBuildPhase section */
		040F980C1E028CD100839C40 /* Resources */ = {
			isa = PBXResourcesBuildPhase;
			buildActionMask = 2147483647;
			files = (
				040F981C1E028CD100839C40 /* LaunchScreen.storyboard in Resources */,
				040F98191E028CD100839C40 /* Assets.xcassets in Resources */,
				040F98171E028CD100839C40 /* Main.storyboard in Resources */,
			);
			runOnlyForDeploymentPostprocessing = 0;
		};
/* End PBXResourcesBuildPhase section */

/* Begin PBXSourcesBuildPhase section */
		040F980A1E028CD100839C40 /* Sources */ = {
			isa = PBXSourcesBuildPhase;
			buildActionMask = 2147483647;
			files = (
				040F98141E028CD100839C40 /* ViewController.swift in Sources */,
				040F98121E028CD100839C40 /* AppDelegate.swift in Sources */,
			);
			runOnlyForDeploymentPostprocessing = 0;
		};
/* End PBXSourcesBuildPhase section */

/* Begin PBXVariantGroup section */
		040F98151E028CD100839C40 /* Main.storyboard */ = {
			isa = PBXVariantGroup;
			children = (
				040F98161E028CD100839C40 /* Base */,
			);
			name = Main.storyboard;
			sourceTree = "<group>";
		};
		040F981A1E028CD100839C40 /* LaunchScreen.storyboard */ = {
			isa = PBXVariantGroup;
			children = (
				040F981B1E028CD100839C40 /* Base */,
			);
			name = LaunchScreen.storyboard;
			sourceTree = "<group>";
		};
/* End PBXVariantGroup section */

/* Begin XCBuildConfiguration section */
		040F981E1E028CD100839C40 /* Debug */ = {
			isa = XCBuildConfiguration;
			buildSettings = {
				ALWAYS_SEARCH_USER_PATHS = NO;
				CLANG_ANALYZER_NONNULL = YES;
				CLANG_CXX_LANGUAGE_STANDARD = "gnu++0x";
				CLANG_CXX_LIBRARY = "libc++";
				CLANG_ENABLE_MODULES = YES;
				CLANG_ENABLE_OBJC_ARC = YES;
				CLANG_WARN_BOOL_CONVERSION = YES;
				CLANG_WARN_CONSTANT_CONVERSION = YES;
				CLANG_WARN_DIRECT_OBJC_ISA_USAGE = YES_ERROR;
				CLANG_WARN_EMPTY_BODY = YES;
				CLANG_WARN_ENUM_CONVERSION = YES;
				CLANG_WARN_INT_CONVERSION = YES;
				CLANG_WARN_OBJC_ROOT_CLASS = YES_ERROR;
				CLANG_WARN_UNREACHABLE_CODE = YES;
				CLANG_WARN__DUPLICATE_METHOD_MATCH = YES;
				"CODE_SIGN_IDENTITY[sdk=iphoneos*]" = "iPhone Developer";
				COPY_PHASE_STRIP = NO;
				DEBUG_INFORMATION_FORMAT = dwarf;
				ENABLE_STRICT_OBJC_MSGSEND = YES;
				ENABLE_TESTABILITY = YES;
				GCC_C_LANGUAGE_STANDARD = gnu99;
				GCC_DYNAMIC_NO_PIC = NO;
				GCC_NO_COMMON_BLOCKS = YES;
				GCC_OPTIMIZATION_LEVEL = 0;
				GCC_PREPROCESSOR_DEFINITIONS = (
					"DEBUG=1",
					"$(inherited)",
				);
				GCC_WARN_64_TO_32_BIT_CONVERSION = YES;
				GCC_WARN_ABOUT_RETURN_TYPE = YES_ERROR;
				GCC_WARN_UNDECLARED_SELECTOR = YES;
				GCC_WARN_UNINITIALIZED_AUTOS = YES_AGGRESSIVE;
				GCC_WARN_UNUSED_FUNCTION = YES;
				GCC_WARN_UNUSED_VARIABLE = YES;
				IPHONEOS_DEPLOYMENT_TARGET = 9.3;
				MTL_ENABLE_DEBUG_INFO = YES;
				ONLY_ACTIVE_ARCH = YES;
				SDKROOT = iphoneos;
				SWIFT_OPTIMIZATION_LEVEL = "-Onone";
			};
			name = Debug;
		};
		040F981F1E028CD100839C40 /* Release */ = {
			isa = XCBuildConfiguration;
			buildSettings = {
				ALWAYS_SEARCH_USER_PATHS = NO;
				CLANG_ANALYZER_NONNULL = YES;
				CLANG_CXX_LANGUAGE_STANDARD = "gnu++0x";
				CLANG_CXX_LIBRARY = "libc++";
				CLANG_ENABLE_MODULES = YES;
				CLANG_ENABLE_OBJC_ARC = YES;
				CLANG_WARN_BOOL_CONVERSION = YES;
				CLANG_WARN_CONSTANT_CONVERSION = YES;
				CLANG_WARN_DIRECT_OBJC_ISA_USAGE = YES_ERROR;
				CLANG_WARN_EMPTY_BODY = YES;
				CLANG_WARN_ENUM_CONVERSION = YES;
				CLANG_WARN_INT_CONVERSION = YES;
				CLANG_WARN_OBJC_ROOT_CLASS = YES_ERROR;
				CLANG_WARN_UNREACHABLE_CODE = YES;
				CLANG_WARN__DUPLICATE_METHOD_MATCH = YES;
				"CODE_SIGN_IDENTITY[sdk=iphoneos*]" = "iPhone Developer";
				COPY_PHASE_STRIP = NO;
				DEBUG_INFORMATION_FORMAT = "dwarf-with-dsym";
				ENABLE_NS_ASSERTIONS = NO;
				ENABLE_STRICT_OBJC_MSGSEND = YES;
				GCC_C_LANGUAGE_STANDARD = gnu99;
				GCC_NO_COMMON_BLOCKS = YES;
				GCC_WARN_64_TO_32_BIT_CONVERSION = YES;
				GCC_WARN_ABOUT_RETURN_TYPE = YES_ERROR;
				GCC_WARN_UNDECLARED_SELECTOR = YES;
				GCC_WARN_UNINITIALIZED_AUTOS = YES_AGGRESSIVE;
				GCC_WARN_UNUSED_FUNCTION = YES;
				GCC_WARN_UNUSED_VARIABLE = YES;
				IPHONEOS_DEPLOYMENT_TARGET = 9.3;
				MTL_ENABLE_DEBUG_INFO = NO;
				SDKROOT = iphoneos;
				VALIDATE_PRODUCT = YES;
			};
			name = Release;
		};
		040F98211E028CD100839C40 /* Debug */ = {
			isa = XCBuildConfiguration;
			buildSettings = {
				ASSETCATALOG_COMPILER_APPICON_NAME = AppIcon;
				INFOPLIST_FILE = LiveNews/Info.plist;
				LD_RUNPATH_SEARCH_PATHS = "$(inherited) @executable_path/Frameworks";
				PRODUCT_BUNDLE_IDENTIFIER = com.bhdevelopers.LiveNews;
				PRODUCT_NAME = "$(TARGET_NAME)";
			};
			name = Debug;
		};
		040F98221E028CD100839C40 /* Release */ = {
			isa = XCBuildConfiguration;
			buildSettings = {
				ASSETCATALOG_COMPILER_APPICON_NAME = AppIcon;
				INFOPLIST_FILE = LiveNews/Info.plist;
				LD_RUNPATH_SEARCH_PATHS = "$(inherited) @executable_path/Frameworks";
				PRODUCT_BUNDLE_IDENTIFIER = com.bhdevelopers.LiveNews;
				PRODUCT_NAME = "$(TARGET_NAME)";
			};
			name = Release;
		};
/* End XCBuildConfiguration section */

/* Begin XCConfigurationList section */
		040F98091E028CD100839C40 /* Build configuration list for PBXProject "LiveNews" */ = {
			isa = XCConfigurationList;
			buildConfigurations = (
				040F981E1E028CD100839C40 /* Debug */,
				040F981F1E028CD100839C40 /* Release */,
			);
			defaultConfigurationIsVisible = 0;
			defaultConfigurationName = Release;
		};
		040F98201E028CD100839C40 /* Build configuration list for PBXNativeTarget "LiveNews" */ = {
			isa = XCConfigurationList;
			buildConfigurations = (
				040F98211E028CD100839C40 /* Debug */,
				040F98221E028CD100839C40 /* Release */,
			);
			defaultConfigurationIsVisible = 0;
		};
/* End XCConfigurationList section */
	};
	rootObject = 040F98061E028CD100839C40 /* Project object */;
}
